Microsoft Visual Studio Solution File, Format Version 12.00
# Visual Studio Version 17
VisualStudioVersion = 17.0.31903.59
MinimumVisualStudioVersion = 10.0.40219.1
Project("{BC8A1FFA-BEE3-4634-8014-F334798102B3}") = "KernelScreenshotDisplay", "Driver\KMDOD\Sample\SampleDisplay.vcxproj", "{D3C62015-3845-4DA8-8522-5DC45B735063}"
EndProject
Project("{FAE04EC0-301F-11D3-BF4B-00C04F79EFBC}") = "KernelScreenshot.App", "App\KernelScreenshot.App.csproj", "{5A2C5CC4-4176-4D77-82E8-B66842A56B70}"
EndProject
Project("{BC8A1FFA-BEE3-4634-8014-F334798102B3}") = "D3DKMTProbe", "Native\D3DKMTProbe\D3DKMTProbe.vcxproj", "{7D9BDB6B-EAD0-4BB8-BF63-A2207ED55C1F}"
EndProject
Project("{BC8A1FFA-BEE3-4634-8014-F334798102B3}") = "KernelScreenshotApi", "Native\KernelScreenshotApi\KernelScreenshotApi.vcxproj", "{B0D6AF8C-A5B6-44BE-A2C4-51A02AB3D4AB}"
EndProject
Project("{BC8A1FFA-BEE3-4634-8014-F334798102B3}") = "KernelScreenshotCli", "Native\KernelScreenshotCli\KernelScreenshotCli.vcxproj", "{F2FDF3B0-8AA0-4636-9904-E0F8407107EA}"
EndProject
Global
	GlobalSection(SolutionConfigurationPlatforms) = preSolution
		Debug|x64 = Debug|x64
		Release|x64 = Release|x64
	EndGlobalSection
	GlobalSection(ProjectConfigurationPlatforms) = postSolution
		{D3C62015-3845-4DA8-8522-5DC45B735063}.Debug|x64.ActiveCfg = Debug|x64
		{D3C62015-3845-4DA8-8522-5DC45B735063}.Debug|x64.Build.0 = Debug|x64
		{D3C62015-3845-4DA8-8522-5DC45B735063}.Release|x64.ActiveCfg = Release|x64
		{D3C62015-3845-4DA8-8522-5DC45B735063}.Release|x64.Build.0 = Release|x64
		{7D9BDB6B-EAD0-4BB8-BF63-A2207ED55C1F}.Debug|x64.ActiveCfg = Debug|x64
		{7D9BDB6B-EAD0-4BB8-BF63-A2207ED55C1F}.Debug|x64.Build.0 = Debug|x64
		{7D9BDB6B-EAD0-4BB8-BF63-A2207ED55C1F}.Release|x64.ActiveCfg = Release|x64
		{7D9BDB6B-EAD0-4BB8-BF63-A2207ED55C1F}.Release|x64.Build.0 = Release|x64
		{B0D6AF8C-A5B6-44BE-A2C4-51A02AB3D4AB}.Debug|x64.ActiveCfg = Debug|x64
		{B0D6AF8C-A5B6-44BE-A2C4-51A02AB3D4AB}.Debug|x64.Build.0 = Debug|x64
		{B0D6AF8C-A5B6-44BE-A2C4-51A02AB3D4AB}.Release|x64.ActiveCfg = Release|x64
		{B0D6AF8C-A5B6-44BE-A2C4-51A02AB3D4AB}.Release|x64.Build.0 = Release|x64
		{F2FDF3B0-8AA0-4636-9904-E0F8407107EA}.Debug|x64.ActiveCfg = Debug|x64
		{F2FDF3B0-8AA0-4636-9904-E0F8407107EA}.Debug|x64.Build.0 = Debug|x64
		{F2FDF3B0-8AA0-4636-9904-E0F8407107EA}.Release|x64.ActiveCfg = Release|x64
		{F2FDF3B0-8AA0-4636-9904-E0F8407107EA}.Release|x64.Build.0 = Release|x64
		{5A2C5CC4-4176-4D77-82E8-B66842A56B70}.Debug|x64.ActiveCfg = Debug|Any CPU
		{5A2C5CC4-4176-4D77-82E8-B66842A56B70}.Debug|x64.Build.0 = Debug|Any CPU
		{5A2C5CC4-4176-4D77-82E8-B66842A56B70}.Release|x64.ActiveCfg = Release|Any CPU
		{5A2C5CC4-4176-4D77-82E8-B66842A56B70}.Release|x64.Build.0 = Release|Any CPU
	EndGlobalSection
EndGlobal
